
Microsoft Visual Studio Solution File, Format Version 12.00
# Visual Studio Version 16
VisualStudioVersion = 16.0.31205.134
MinimumVisualStudioVersion = 10.0.40219.1
Project("{FAE04EC0-301F-11D3-BF4B-00C04F79EFBC}") = "ConsoleApplication_Grade_2", "ConsoleApplication_Grade_2\ConsoleApplication_Grade_2.csproj", "{4B863F7D-AED3-48D4-93F0-D8433B27D046}"
EndProject
Project("{2150E333-8FDC-42A3-9474-1A3956D46DE8}") = "Lab_1", "Lab_1", "{A5020056-6DC5-4249-8734-E8B8E8BE3978}"
EndProject
Project("{FAE04EC0-301F-11D3-BF4B-00C04F79EFBC}") = "Lab_1-A", "A\Lab_1-A.csproj", "{545FD547-5C2E-4761-861F-A680C36BE0C2}"
EndProject
Project("{FAE04EC0-301F-11D3-BF4B-00C04F79EFBC}") = "Lab_1-B", "B\Lab_1-B.csproj", "{4F54FAA5-3370-4B33-8D26-CCF91813183F}"
EndProject
Project("{2150E333-8FDC-42A3-9474-1A3956D46DE8}") = "File Manager", "File Manager", "{C6A0B22E-8EB8-4750-8DF2-4B941C7FAB1D}"
EndProject
Project("{FAE04EC0-301F-11D3-BF4B-00C04F79EFBC}") = "File Manager", "File Manager\File Manager.csproj", "{D31660A5-1C1C-42A9-9501-17EC908C9DC7}"
EndProject
Project("{2150E333-8FDC-42A3-9474-1A3956D46DE8}") = "Test Olimp Tasks", "Test Olimp Tasks", "{DEAF1A06-0F4D-4F62-B930-54F381F94741}"
EndProject
Project("{FAE04EC0-301F-11D3-BF4B-00C04F79EFBC}") = "Task_1", "Task_1\Task_1.csproj", "{8CFB6569-10D3-43E6-8109-45B7C9560D10}"
EndProject
Project("{2150E333-8FDC-42A3-9474-1A3956D46DE8}") = "Ejudge-91", "Ejudge-91", "{23A8341B-13F2-4D64-942F-0D2F4D289524}"
EndProject
Project("{FAE04EC0-301F-11D3-BF4B-00C04F79EFBC}") = "Ejudge-91-A", "Ejudge-91-A\Ejudge-91-A.csproj", "{25F4A285-F957-48C1-B828-2C3867BCE542}"
EndProject
Project("{FAE04EC0-301F-11D3-BF4B-00C04F79EFBC}") = "Ejudge-91-B", "Ejudge-91-B\Ejudge-91-B.csproj", "{4117A755-19CF-43AD-BFFB-765A2610EB00}"
EndProject
Project("{FAE04EC0-301F-11D3-BF4B-00C04F79EFBC}") = "Ejudge-91-C", "Ejudge-91-C\Ejudge-91-C.csproj", "{69483503-0A33-418B-BA62-47F3F33689BC}"
EndProject
Project("{FAE04EC0-301F-11D3-BF4B-00C04F79EFBC}") = "Ejudge-91-D", "Ejudge-91-D\Ejudge-91-D.csproj", "{6F56119A-3B26-43DA-B210-F6C2251F1980}"
EndProject
Project("{FAE04EC0-301F-11D3-BF4B-00C04F79EFBC}") = "Ejudge-91-E", "Ejudge-91-E\Ejudge-91-E.csproj", "{45F27C1B-1E61-493A-A201-07AD8729A734}"
EndProject
Project("{FAE04EC0-301F-11D3-BF4B-00C04F79EFBC}") = "Ejudge-91-G", "Ejudge-91-G\Ejudge-91-G.csproj", "{7B5A97DD-0BE6-494A-AD4A-11708F8CB765}"
EndProject
Project("{FAE04EC0-301F-11D3-BF4B-00C04F79EFBC}") = "Task_2", "Task_2\Task_2.csproj", "{D8444F7E-24DF-4ACB-9921-B32DEFCE3F3A}"
EndProject
Project("{2150E333-8FDC-42A3-9474-1A3956D46DE8}") = "Lab_1.1", "Lab_1.1", "{3C305FF1-C60C-4488-A50D-D6916187CA83}"
EndProject
Project("{FAE04EC0-301F-11D3-BF4B-00C04F79EFBC}") = "Lab_1.1_Task_1-11", "Lab_2_Task_1-11\Lab_1.1_Task_1-11.csproj", "{80D20C1E-C9A2-4B19-81C0-C24DD3CE3F2D}"
EndProject
Project("{FAE04EC0-301F-11D3-BF4B-00C04F79EFBC}") = "Lab_1.1_Task_2-9", "Lab_1.1_Task_2-9\Lab_1.1_Task_2-9.csproj", "{4D418149-09E0-49BF-8B8B-86D46BB226F6}"
EndProject
Project("{FAE04EC0-301F-11D3-BF4B-00C04F79EFBC}") = "Lab_1.1_Task_3-9", "Lab_1.1_Task_3-9\Lab_1.1_Task_3-9.csproj", "{40E4ADDB-E955-4723-9A2E-AA4AC4C7D416}"
EndProject
Project("{FAE04EC0-301F-11D3-BF4B-00C04F79EFBC}") = "Ejudge-91-I", "Ejudge-91-I\Ejudge-91-I.csproj", "{0D28D822-58AE-42B9-8DB4-9C63CE9ABF7D}"
EndProject
Project("{2150E333-8FDC-42A3-9474-1A3956D46DE8}") = "Lab_2", "Lab_2", "{1DCA1EFC-176D-4286-9017-F92F113724BC}"
EndProject
Project("{FAE04EC0-301F-11D3-BF4B-00C04F79EFBC}") = "Lab_2_Matrix", "Lab_2_Matrix\Lab_2_Matrix.csproj", "{677820CD-FD98-4235-A99D-DF253D01B1D2}"
EndProject
Project("{FAE04EC0-301F-11D3-BF4B-00C04F79EFBC}") = "Ejudge-91-O", "Ejudge-91-O\Ejudge-91-O.csproj", "{86763AA3-C03F-437C-8443-FE866479790D}"
EndProject
Project("{FAE04EC0-301F-11D3-BF4B-00C04F79EFBC}") = "Ejudge-91-M", "Ejudge-91-M\Ejudge-91-M.csproj", "{DF6A6550-3128-47A5-A297-1E1BFFAFB910}"
EndProject
Project("{FAE04EC0-301F-11D3-BF4B-00C04F79EFBC}") = "Ejudge-91-P", "Ejudge-91-P\Ejudge-91-P.csproj", "{C33CF223-BB52-4028-A65A-7065A1B91D19}"
EndProject
Project("{FAE04EC0-301F-11D3-BF4B-00C04F79EFBC}") = "Ejudge-91-T", "Ejudge-91-T\Ejudge-91-T.csproj", "{DDFFB131-FB57-4279-8804-F9B8A5D9EA5C}"
EndProject
Project("{FAE04EC0-301F-11D3-BF4B-00C04F79EFBC}") = "Ejudge-91-N", "Ejudge-91-N\Ejudge-91-N.csproj", "{0FACDCFD-053F-4EB2-83E8-53566169A9C8}"
EndProject
Project("{2150E333-8FDC-42A3-9474-1A3956D46DE8}") = "Lab_3", "Lab_3", "{7AC2CCC4-7D33-4B81-80E6-BB856169D9EC}"
EndProject
Project("{FAE04EC0-301F-11D3-BF4B-00C04F79EFBC}") = "Lab_3__Part_1", "Lab_3__Part_1\Lab_3__Part_1.csproj", "{B3EA9B33-839C-4BA3-B9E6-0268D404A466}"
EndProject
Project("{FAE04EC0-301F-11D3-BF4B-00C04F79EFBC}") = "Lab_3__Part_2", "Lab_3__Part_2\Lab_3__Part_2.csproj", "{B676FC0F-1D42-4685-93A5-9B25267757B3}"
EndProject
Project("{2150E333-8FDC-42A3-9474-1A3956D46DE8}") = "CinemaBooking", "CinemaBooking", "{742CF2F1-2D59-4C20-996E-8F3858D2A1B5}"
EndProject
Project("{FAE04EC0-301F-11D3-BF4B-00C04F79EFBC}") = "Cinema Booking System", "Cinema Booking System\Cinema Booking System.csproj", "{7731FD57-4058-4748-A002-270D5A15AD02}"
EndProject
Project("{2150E333-8FDC-42A3-9474-1A3956D46DE8}") = "Lab_4", "Lab_4", "{07E149A9-5141-4996-8A79-682CE5759D70}"
EndProject
Project("{FAE04EC0-301F-11D3-BF4B-00C04F79EFBC}") = "Lab_4", "Lab_4\Lab_4.csproj", "{B2800833-66CF-45F4-BC53-ACE9FD3D16C3}"
EndProject
Project("{FAE04EC0-301F-11D3-BF4B-00C04F79EFBC}") = "UnitTest_Lab4", "UnitTest_Lab4\UnitTest_Lab4.csproj", "{6A3A713D-F274-41F8-A5C4-ED65ED70CA9F}"
EndProject
Project("{2150E333-8FDC-42A3-9474-1A3956D46DE8}") = "Lab_5", "Lab_5", "{49BBEAE6-54F4-46A2-9FA7-3FB547C9EF73}"
EndProject
Project("{FAE04EC0-301F-11D3-BF4B-00C04F79EFBC}") = "Lab_5", "Lab_5\Lab_5.csproj", "{A94AE1B8-5AA1-4536-859C-C514C93D82AA}"
EndProject
Project("{2150E333-8FDC-42A3-9474-1A3956D46DE8}") = "Min Traiangulation", "Min Traiangulation", "{27B51BF5-DB62-474A-905F-ADC18639BC40}"
EndProject
Project("{FAE04EC0-301F-11D3-BF4B-00C04F79EFBC}") = "MinTriangulationThreads", "MinTriangulationThreads\MinTriangulationThreads.csproj", "{2DAF0030-CD58-476F-B312-A2A199F8D634}"
EndProject
Project("{2150E333-8FDC-42A3-9474-1A3956D46DE8}") = "Ejudge-92", "Ejudge-92", "{4F45EE7D-7269-412B-AD04-637CD1979CC2}"
EndProject
Project("{FAE04EC0-301F-11D3-BF4B-00C04F79EFBC}") = "Ejudge-92-QuickSort", "Ejudge-92-QuickSort\Ejudge-92-QuickSort.csproj", "{3729222C-8836-432D-8A1D-9835DB733F13}"
EndProject
Project("{FAE04EC0-301F-11D3-BF4B-00C04F79EFBC}") = "Ejudge-92-B", "Ejudge-92-B\Ejudge-92-B.csproj", "{5D9E74AB-DE5A-489A-9526-A5F39C4EEBB2}"
EndProject
Project("{FAE04EC0-301F-11D3-BF4B-00C04F79EFBC}") = "Ejudge-92-I", "Ejudge-92-I\Ejudge-92-I.csproj", "{20DFEE31-F150-4FD4-BA37-0C9A1D761DD5}"
EndProject
Project("{2150E333-8FDC-42A3-9474-1A3956D46DE8}") = "Lab_Add", "Lab_Add", "{04C1ECB3-86C8-491C-9427-E7306300F4E4}"
EndProject
Project("{FAE04EC0-301F-11D3-BF4B-00C04F79EFBC}") = "Addition_Task_1", "Addition_Task_1\Addition_Task_1.csproj", "{27961E7D-6032-41DC-8BFB-605AADB938C8}"
EndProject
Project("{2150E333-8FDC-42A3-9474-1A3956D46DE8}") = "Additions", "Additions", "{11974BF7-E389-4A31-A128-8A31D2EC7D00}"
EndProject
Project("{2150E333-8FDC-42A3-9474-1A3956D46DE8}") = "Labs_2", "Labs_2", "{56528EA3-69DA-4DFB-AD12-4ABBDE302F27}"
EndProject
Project("{FAE04EC0-301F-11D3-BF4B-00C04F79EFBC}") = "Lab_2_3", "Lab_2_3\Lab_2_3.csproj", "{B1DC3A4C-4454-45D0-8BBA-458D34A3CCF1}"
EndProject
Project("{FAE04EC0-301F-11D3-BF4B-00C04F79EFBC}") = "Lab_2_1_Calculator", "Lab_2_1_Calculator\Lab_2_1_Calculator.csproj", "{F5485929-01CA-499A-9D48-996E2B2987DF}"
EndProject
Project("{2150E333-8FDC-42A3-9474-1A3956D46DE8}") = "CalculationMethods", "CalculationMethods", "{E2D1FB57-A357-4BA4-99C9-7448A43D0A7F}"
EndProject
Project("{FAE04EC0-301F-11D3-BF4B-00C04F79EFBC}") = "CalcMethodLab1", "CalcMethodLab1\CalcMethodLab1.csproj", "{5E4E217A-1DE3-47B6-BA7F-26102990A47B}"
EndProject
Project("{2150E333-8FDC-42A3-9474-1A3956D46DE8}") = "RussianDDOS", "RussianDDOS", "{EAACD0B1-B0F5-4F62-A996-C01D368EE154}"
EndProject
Project("{FAE04EC0-301F-11D3-BF4B-00C04F79EFBC}") = "RussianDDOSConsole", "RussianDDOS\RussianDDOSConsole.csproj", "{3BAC15A3-EBB4-4DBD-BB4A-3E81C596F8A3}"
EndProject
Project("{FAE04EC0-301F-11D3-BF4B-00C04F79EFBC}") = "RussianDDOSWindow", "RussianDDOSWindow\RussianDDOSWindow.csproj", "{8B7A2B1E-7135-4DD6-A8F0-0B1532A67656}"
EndProject
Project("{FAE04EC0-301F-11D3-BF4B-00C04F79EFBC}") = "CalcMethodLab2", "CalcMethodLab2\CalcMethodLab2.csproj", "{4335AB46-4619-4DC4-9D1D-6F5211A15722}"
EndProject
Project("{2150E333-8FDC-42A3-9474-1A3956D46DE8}") = "OOP_Lecture", "OOP_Lecture", "{0C490386-D50F-488C-9C5F-070E79252306}"
EndProject
Project("{FAE04EC0-301F-11D3-BF4B-00C04F79EFBC}") = "OOP_Lecture_Example1", "OOP_Lecture_Example1\OOP_Lecture_Example1.csproj", "{2F93283D-D639-49EC-B778-813021930465}"
EndProject
Project("{FAE04EC0-301F-11D3-BF4B-00C04F79EFBC}") = "OOP_Lecture_ClassDll", "OOP_Lecture_ClassDll\OOP_Lecture_ClassDll.csproj", "{3A95141C-00D3-4105-8F8A-AA64FDA76B0A}"
EndProject
Project("{FAE04EC0-301F-11D3-BF4B-00C04F79EFBC}") = "Lab_2_3_Delegates", "Lab_2_3_Delegates\Lab_2_3_Delegates.csproj", "{C821C9CD-4373-4346-897E-ED33953C4505}"
EndProject
Project("{FAE04EC0-301F-11D3-BF4B-00C04F79EFBC}") = "CalcMethodLab3", "CalcMethodLab3\CalcMethodLab3.csproj", "{0F0235FA-9E76-490F-8617-249498315DD7}"
EndProject
Project("{FAE04EC0-301F-11D3-BF4B-00C04F79EFBC}") = "Lab_2_3_Delegates_2", "Lab_2_3_Delegates_2\Lab_2_3_Delegates_2.csproj", "{E6F1F845-5F38-4FA6-8CF0-A32BF695706F}"
EndProject
Project("{FAE04EC0-301F-11D3-BF4B-00C04F79EFBC}") = "CalcMethodLab4", "CalcMethodLab4\CalcMethodLab4.csproj", "{7914214A-82FA-4E8A-A07C-9C735824B238}"
EndProject
Project("{FAE04EC0-301F-11D3-BF4B-00C04F79EFBC}") = "CalcMethodLab5", "CalcMethodLab5\CalcMethodLab5.csproj", "{20EFD4D4-E411-462F-9BFB-2C9533F76E7C}"
EndProject
Global
	GlobalSection(SolutionConfigurationPlatforms) = preSolution
		Debug|Any CPU = Debug|Any CPU
		Release|Any CPU = Release|Any CPU
	EndGlobalSection
	GlobalSection(ProjectConfigurationPlatforms) = postSolution
		{4B863F7D-AED3-48D4-93F0-D8433B27D046}.Debug|Any CPU.ActiveCfg = Debug|Any CPU
		{4B863F7D-AED3-48D4-93F0-D8433B27D046}.Debug|Any CPU.Build.0 = Debug|Any CPU
		{4B863F7D-AED3-48D4-93F0-D8433B27D046}.Release|Any CPU.ActiveCfg = Release|Any CPU
		{4B863F7D-AED3-48D4-93F0-D8433B27D046}.Release|Any CPU.Build.0 = Release|Any CPU
		{545FD547-5C2E-4761-861F-A680C36BE0C2}.Debug|Any CPU.ActiveCfg = Debug|Any CPU
		{545FD547-5C2E-4761-861F-A680C36BE0C2}.Debug|Any CPU.Build.0 = Debug|Any CPU
		{545FD547-5C2E-4761-861F-A680C36BE0C2}.Release|Any CPU.ActiveCfg = Release|Any CPU
		{545FD547-5C2E-4761-861F-A680C36BE0C2}.Release|Any CPU.Build.0 = Release|Any CPU
		{4F54FAA5-3370-4B33-8D26-CCF91813183F}.Debug|Any CPU.ActiveCfg = Debug|Any CPU
		{4F54FAA5-3370-4B33-8D26-CCF91813183F}.Debug|Any CPU.Build.0 = Debug|Any CPU
		{4F54FAA5-3370-4B33-8D26-CCF91813183F}.Release|Any CPU.ActiveCfg = Release|Any CPU
		{4F54FAA5-3370-4B33-8D26-CCF91813183F}.Release|Any CPU.Build.0 = Release|Any CPU
		{D31660A5-1C1C-42A9-9501-17EC908C9DC7}.Debug|Any CPU.ActiveCfg = Debug|Any CPU
		{D31660A5-1C1C-42A9-9501-17EC908C9DC7}.Debug|Any CPU.Build.0 = Debug|Any CPU
		{D31660A5-1C1C-42A9-9501-17EC908C9DC7}.Release|Any CPU.ActiveCfg = Release|Any CPU
		{D31660A5-1C1C-42A9-9501-17EC908C9DC7}.Release|Any CPU.Build.0 = Release|Any CPU
		{8CFB6569-10D3-43E6-8109-45B7C9560D10}.Debug|Any CPU.ActiveCfg = Debug|Any CPU
		{8CFB6569-10D3-43E6-8109-45B7C9560D10}.Debug|Any CPU.Build.0 = Debug|Any CPU
		{8CFB6569-10D3-43E6-8109-45B7C9560D10}.Release|Any CPU.ActiveCfg = Release|Any CPU
		{8CFB6569-10D3-43E6-8109-45B7C9560D10}.Release|Any CPU.Build.0 = Release|Any CPU
		{25F4A285-F957-48C1-B828-2C3867BCE542}.Debug|Any CPU.ActiveCfg = Debug|Any CPU
		{25F4A285-F957-48C1-B828-2C3867BCE542}.Debug|Any CPU.Build.0 = Debug|Any CPU
		{25F4A285-F957-48C1-B828-2C3867BCE542}.Release|Any CPU.ActiveCfg = Release|Any CPU
		{25F4A285-F957-48C1-B828-2C3867BCE542}.Release|Any CPU.Build.0 = Release|Any CPU
		{4117A755-19CF-43AD-BFFB-765A2610EB00}.Debug|Any CPU.ActiveCfg = Debug|Any CPU
		{4117A755-19CF-43AD-BFFB-765A2610EB00}.Debug|Any CPU.Build.0 = Debug|Any CPU
		{4117A755-19CF-43AD-BFFB-765A2610EB00}.Release|Any CPU.ActiveCfg = Release|Any CPU
		{4117A755-19CF-43AD-BFFB-765A2610EB00}.Release|Any CPU.Build.0 = Release|Any CPU
		{69483503-0A33-418B-BA62-47F3F33689BC}.Debug|Any CPU.ActiveCfg = Debug|Any CPU
		{69483503-0A33-418B-BA62-47F3F33689BC}.Debug|Any CPU.Build.0 = Debug|Any CPU
		{69483503-0A33-418B-BA62-47F3F33689BC}.Release|Any CPU.ActiveCfg = Release|Any CPU
		{69483503-0A33-418B-BA62-47F3F33689BC}.Release|Any CPU.Build.0 = Release|Any CPU
		{6F56119A-3B26-43DA-B210-F6C2251F1980}.Debug|Any CPU.ActiveCfg = Debug|Any CPU
		{6F56119A-3B26-43DA-B210-F6C2251F1980}.Debug|Any CPU.Build.0 = Debug|Any CPU
		{6F56119A-3B26-43DA-B210-F6C2251F1980}.Release|Any CPU.ActiveCfg = Release|Any CPU
		{6F56119A-3B26-43DA-B210-F6C2251F1980}.Release|Any CPU.Build.0 = Release|Any CPU
		{45F27C1B-1E61-493A-A201-07AD8729A734}.Debug|Any CPU.ActiveCfg = Debug|Any CPU
		{45F27C1B-1E61-493A-A201-07AD8729A734}.Debug|Any CPU.Build.0 = Debug|Any CPU
		{45F27C1B-1E61-493A-A201-07AD8729A734}.Release|Any CPU.ActiveCfg = Release|Any CPU
		{45F27C1B-1E61-493A-A201-07AD8729A734}.Release|Any CPU.Build.0 = Release|Any CPU
		{7B5A97DD-0BE6-494A-AD4A-11708F8CB765}.Debug|Any CPU.ActiveCfg = Debug|Any CPU
		{7B5A97DD-0BE6-494A-AD4A-11708F8CB765}.Debug|Any CPU.Build.0 = Debug|Any CPU
		{7B5A97DD-0BE6-494A-AD4A-11708F8CB765}.Release|Any CPU.ActiveCfg = Release|Any CPU
		{7B5A97DD-0BE6-494A-AD4A-11708F8CB765}.Release|Any CPU.Build.0 = Release|Any CPU
		{D8444F7E-24DF-4ACB-9921-B32DEFCE3F3A}.Debug|Any CPU.ActiveCfg = Debug|Any CPU
		{D8444F7E-24DF-4ACB-9921-B32DEFCE3F3A}.Debug|Any CPU.Build.0 = Debug|Any CPU
		{D8444F7E-24DF-4ACB-9921-B32DEFCE3F3A}.Release|Any CPU.ActiveCfg = Release|Any CPU
		{D8444F7E-24DF-4ACB-9921-B32DEFCE3F3A}.Release|Any CPU.Build.0 = Release|Any CPU
		{80D20C1E-C9A2-4B19-81C0-C24DD3CE3F2D}.Debug|Any CPU.ActiveCfg = Debug|Any CPU
		{80D20C1E-C9A2-4B19-81C0-C24DD3CE3F2D}.Debug|Any CPU.Build.0 = Debug|Any CPU
		{80D20C1E-C9A2-4B19-81C0-C24DD3CE3F2D}.Release|Any CPU.ActiveCfg = Release|Any CPU
		{80D20C1E-C9A2-4B19-81C0-C24DD3CE3F2D}.Release|Any CPU.Build.0 = Release|Any CPU
		{4D418149-09E0-49BF-8B8B-86D46BB226F6}.Debug|Any CPU.ActiveCfg = Debug|Any CPU
		{4D418149-09E0-49BF-8B8B-86D46BB226F6}.Debug|Any CPU.Build.0 = Debug|Any CPU
		{4D418149-09E0-49BF-8B8B-86D46BB226F6}.Release|Any CPU.ActiveCfg = Release|Any CPU
		{4D418149-09E0-49BF-8B8B-86D46BB226F6}.Release|Any CPU.Build.0 = Release|Any CPU
		{40E4ADDB-E955-4723-9A2E-AA4AC4C7D416}.Debug|Any CPU.ActiveCfg = Debug|Any CPU
		{40E4ADDB-E955-4723-9A2E-AA4AC4C7D416}.Debug|Any CPU.Build.0 = Debug|Any CPU
		{40E4ADDB-E955-4723-9A2E-AA4AC4C7D416}.Release|Any CPU.ActiveCfg = Release|Any CPU
		{40E4ADDB-E955-4723-9A2E-AA4AC4C7D416}.Release|Any CPU.Build.0 = Release|Any CPU
		{0D28D822-58AE-42B9-8DB4-9C63CE9ABF7D}.Debug|Any CPU.ActiveCfg = Debug|Any CPU
		{0D28D822-58AE-42B9-8DB4-9C63CE9ABF7D}.Debug|Any CPU.Build.0 = Debug|Any CPU
		{0D28D822-58AE-42B9-8DB4-9C63CE9ABF7D}.Release|Any CPU.ActiveCfg = Release|Any CPU
		{0D28D822-58AE-42B9-8DB4-9C63CE9ABF7D}.Release|Any CPU.Build.0 = Release|Any CPU
		{677820CD-FD98-4235-A99D-DF253D01B1D2}.Debug|Any CPU.ActiveCfg = Debug|Any CPU
		{677820CD-FD98-4235-A99D-DF253D01B1D2}.Debug|Any CPU.Build.0 = Debug|Any CPU
		{677820CD-FD98-4235-A99D-DF253D01B1D2}.Release|Any CPU.ActiveCfg = Release|Any CPU
		{677820CD-FD98-4235-A99D-DF253D01B1D2}.Release|Any CPU.Build.0 = Release|Any CPU
		{86763AA3-C03F-437C-8443-FE866479790D}.Debug|Any CPU.ActiveCfg = Debug|Any CPU
		{86763AA3-C03F-437C-8443-FE866479790D}.Debug|Any CPU.Build.0 = Debug|Any CPU
		{86763AA3-C03F-437C-8443-FE866479790D}.Release|Any CPU.ActiveCfg = Release|Any CPU
		{86763AA3-C03F-437C-8443-FE866479790D}.Release|Any CPU.Build.0 = Release|Any CPU
		{DF6A6550-3128-47A5-A297-1E1BFFAFB910}.Debug|Any CPU.ActiveCfg = Debug|Any CPU
		{DF6A6550-3128-47A5-A297-1E1BFFAFB910}.Debug|Any CPU.Build.0 = Debug|Any CPU
		{DF6A6550-3128-47A5-A297-1E1BFFAFB910}.Release|Any CPU.ActiveCfg = Release|Any CPU
		{DF6A6550-3128-47A5-A297-1E1BFFAFB910}.Release|Any CPU.Build.0 = Release|Any CPU
		{C33CF223-BB52-4028-A65A-7065A1B91D19}.Debug|Any CPU.ActiveCfg = Debug|Any CPU
		{C33CF223-BB52-4028-A65A-7065A1B91D19}.Debug|Any CPU.Build.0 = Debug|Any CPU
		{C33CF223-BB52-4028-A65A-7065A1B91D19}.Release|Any CPU.ActiveCfg = Release|Any CPU
		{C33CF223-BB52-4028-A65A-7065A1B91D19}.Release|Any CPU.Build.0 = Release|Any CPU
		{DDFFB131-FB57-4279-8804-F9B8A5D9EA5C}.Debug|Any CPU.ActiveCfg = Debug|Any CPU
		{DDFFB131-FB57-4279-8804-F9B8A5D9EA5C}.Debug|Any CPU.Build.0 = Debug|Any CPU
		{DDFFB131-FB57-4279-8804-F9B8A5D9EA5C}.Release|Any CPU.ActiveCfg = Release|Any CPU
		{DDFFB131-FB57-4279-8804-F9B8A5D9EA5C}.Release|Any CPU.Build.0 = Release|Any CPU
		{0FACDCFD-053F-4EB2-83E8-53566169A9C8}.Debug|Any CPU.ActiveCfg = Debug|Any CPU
		{0FACDCFD-053F-4EB2-83E8-53566169A9C8}.Debug|Any CPU.Build.0 = Debug|Any CPU
		{0FACDCFD-053F-4EB2-83E8-53566169A9C8}.Release|Any CPU.ActiveCfg = Release|Any CPU
		{0FACDCFD-053F-4EB2-83E8-53566169A9C8}.Release|Any CPU.Build.0 = Release|Any CPU
		{B3EA9B33-839C-4BA3-B9E6-0268D404A466}.Debug|Any CPU.ActiveCfg = Debug|Any CPU
		{B3EA9B33-839C-4BA3-B9E6-0268D404A466}.Debug|Any CPU.Build.0 = Debug|Any CPU
		{B3EA9B33-839C-4BA3-B9E6-0268D404A466}.Release|Any CPU.ActiveCfg = Release|Any CPU
		{B3EA9B33-839C-4BA3-B9E6-0268D404A466}.Release|Any CPU.Build.0 = Release|Any CPU
		{B676FC0F-1D42-4685-93A5-9B25267757B3}.Debug|Any CPU.ActiveCfg = Debug|Any CPU
		{B676FC0F-1D42-4685-93A5-9B25267757B3}.Debug|Any CPU.Build.0 = Debug|Any CPU
		{B676FC0F-1D42-4685-93A5-9B25267757B3}.Release|Any CPU.ActiveCfg = Release|Any CPU
		{B676FC0F-1D42-4685-93A5-9B25267757B3}.Release|Any CPU.Build.0 = Release|Any CPU
		{7731FD57-4058-4748-A002-270D5A15AD02}.Debug|Any CPU.ActiveCfg = Debug|Any CPU
		{7731FD57-4058-4748-A002-270D5A15AD02}.Debug|Any CPU.Build.0 = Debug|Any CPU
		{7731FD57-4058-4748-A002-270D5A15AD02}.Release|Any CPU.ActiveCfg = Release|Any CPU
		{7731FD57-4058-4748-A002-270D5A15AD02}.Release|Any CPU.Build.0 = Release|Any CPU
		{B2800833-66CF-45F4-BC53-ACE9FD3D16C3}.Debug|Any CPU.ActiveCfg = Debug|Any CPU
		{B2800833-66CF-45F4-BC53-ACE9FD3D16C3}.Debug|Any CPU.Build.0 = Debug|Any CPU
		{B2800833-66CF-45F4-BC53-ACE9FD3D16C3}.Release|Any CPU.ActiveCfg = Release|Any CPU
		{B2800833-66CF-45F4-BC53-ACE9FD3D16C3}.Release|Any CPU.Build.0 = Release|Any CPU
		{6A3A713D-F274-41F8-A5C4-ED65ED70CA9F}.Debug|Any CPU.ActiveCfg = Debug|Any CPU
		{6A3A713D-F274-41F8-A5C4-ED65ED70CA9F}.Debug|Any CPU.Build.0 = Debug|Any CPU
		{6A3A713D-F274-41F8-A5C4-ED65ED70CA9F}.Release|Any CPU.ActiveCfg = Release|Any CPU
		{6A3A713D-F274-41F8-A5C4-ED65ED70CA9F}.Release|Any CPU.Build.0 = Release|Any CPU
		{A94AE1B8-5AA1-4536-859C-C514C93D82AA}.Debug|Any CPU.ActiveCfg = Debug|Any CPU
		{A94AE1B8-5AA1-4536-859C-C514C93D82AA}.Debug|Any CPU.Build.0 = Debug|Any CPU
		{A94AE1B8-5AA1-4536-859C-C514C93D82AA}.Release|Any CPU.ActiveCfg = Release|Any CPU
		{A94AE1B8-5AA1-4536-859C-C514C93D82AA}.Release|Any CPU.Build.0 = Release|Any CPU
		{2DAF0030-CD58-476F-B312-A2A199F8D634}.Debug|Any CPU.ActiveCfg = Debug|Any CPU
		{2DAF0030-CD58-476F-B312-A2A199F8D634}.Debug|Any CPU.Build.0 = Debug|Any CPU
		{2DAF0030-CD58-476F-B312-A2A199F8D634}.Release|Any CPU.ActiveCfg = Release|Any CPU
		{2DAF0030-CD58-476F-B312-A2A199F8D634}.Release|Any CPU.Build.0 = Release|Any CPU
		{3729222C-8836-432D-8A1D-9835DB733F13}.Debug|Any CPU.ActiveCfg = Debug|Any CPU
		{3729222C-8836-432D-8A1D-9835DB733F13}.Debug|Any CPU.Build.0 = Debug|Any CPU
		{3729222C-8836-432D-8A1D-9835DB733F13}.Release|Any CPU.ActiveCfg = Release|Any CPU
		{3729222C-8836-432D-8A1D-9835DB733F13}.Release|Any CPU.Build.0 = Release|Any CPU
		{5D9E74AB-DE5A-489A-9526-A5F39C4EEBB2}.Debug|Any CPU.ActiveCfg = Debug|Any CPU
		{5D9E74AB-DE5A-489A-9526-A5F39C4EEBB2}.Debug|Any CPU.Build.0 = Debug|Any CPU
		{5D9E74AB-DE5A-489A-9526-A5F39C4EEBB2}.Release|Any CPU.ActiveCfg = Release|Any CPU
		{5D9E74AB-DE5A-489A-9526-A5F39C4EEBB2}.Release|Any CPU.Build.0 = Release|Any CPU
		{20DFEE31-F150-4FD4-BA37-0C9A1D761DD5}.Debug|Any CPU.ActiveCfg = Debug|Any CPU
		{20DFEE31-F150-4FD4-BA37-0C9A1D761DD5}.Debug|Any CPU.Build.0 = Debug|Any CPU
		{20DFEE31-F150-4FD4-BA37-0C9A1D761DD5}.Release|Any CPU.ActiveCfg = Release|Any CPU
		{20DFEE31-F150-4FD4-BA37-0C9A1D761DD5}.Release|Any CPU.Build.0 = Release|Any CPU
		{27961E7D-6032-41DC-8BFB-605AADB938C8}.Debug|Any CPU.ActiveCfg = Debug|Any CPU
		{27961E7D-6032-41DC-8BFB-605AADB938C8}.Debug|Any CPU.Build.0 = Debug|Any CPU
		{27961E7D-6032-41DC-8BFB-605AADB938C8}.Release|Any CPU.ActiveCfg = Release|Any CPU
		{27961E7D-6032-41DC-8BFB-605AADB938C8}.Release|Any CPU.Build.0 = Release|Any CPU
		{B1DC3A4C-4454-45D0-8BBA-458D34A3CCF1}.Debug|Any CPU.ActiveCfg = Debug|Any CPU
		{B1DC3A4C-4454-45D0-8BBA-458D34A3CCF1}.Debug|Any CPU.Build.0 = Debug|Any CPU
		{B1DC3A4C-4454-45D0-8BBA-458D34A3CCF1}.Release|Any CPU.ActiveCfg = Release|Any CPU
		{B1DC3A4C-4454-45D0-8BBA-458D34A3CCF1}.Release|Any CPU.Build.0 = Release|Any CPU
		{F5485929-01CA-499A-9D48-996E2B2987DF}.Debug|Any CPU.ActiveCfg = Debug|Any CPU
		{F5485929-01CA-499A-9D48-996E2B2987DF}.Debug|Any CPU.Build.0 = Debug|Any CPU
		{F5485929-01CA-499A-9D48-996E2B2987DF}.Release|Any CPU.ActiveCfg = Release|Any CPU
		{F5485929-01CA-499A-9D48-996E2B2987DF}.Release|Any CPU.Build.0 = Release|Any CPU
		{5E4E217A-1DE3-47B6-BA7F-26102990A47B}.Debug|Any CPU.ActiveCfg = Debug|Any CPU
		{5E4E217A-1DE3-47B6-BA7F-26102990A47B}.Debug|Any CPU.Build.0 = Debug|Any CPU
		{5E4E217A-1DE3-47B6-BA7F-26102990A47B}.Release|Any CPU.ActiveCfg = Release|Any CPU
		{5E4E217A-1DE3-47B6-BA7F-26102990A47B}.Release|Any CPU.Build.0 = Release|Any CPU
		{3BAC15A3-EBB4-4DBD-BB4A-3E81C596F8A3}.Debug|Any CPU.ActiveCfg = Debug|Any CPU
		{3BAC15A3-EBB4-4DBD-BB4A-3E81C596F8A3}.Debug|Any CPU.Build.0 = Debug|Any CPU
		{3BAC15A3-EBB4-4DBD-BB4A-3E81C596F8A3}.Release|Any CPU.ActiveCfg = Release|Any CPU
		{3BAC15A3-EBB4-4DBD-BB4A-3E81C596F8A3}.Release|Any CPU.Build.0 = Release|Any CPU
		{8B7A2B1E-7135-4DD6-A8F0-0B1532A67656}.Debug|Any CPU.ActiveCfg = Debug|Any CPU
		{8B7A2B1E-7135-4DD6-A8F0-0B1532A67656}.Debug|Any CPU.Build.0 = Debug|Any CPU
		{8B7A2B1E-7135-4DD6-A8F0-0B1532A67656}.Release|Any CPU.ActiveCfg = Release|Any CPU
		{8B7A2B1E-7135-4DD6-A8F0-0B1532A67656}.Release|Any CPU.Build.0 = Release|Any CPU
		{4335AB46-4619-4DC4-9D1D-6F5211A15722}.Debug|Any CPU.ActiveCfg = Debug|Any CPU
		{4335AB46-4619-4DC4-9D1D-6F5211A15722}.Debug|Any CPU.Build.0 = Debug|Any CPU
		{4335AB46-4619-4DC4-9D1D-6F5211A15722}.Release|Any CPU.ActiveCfg = Release|Any CPU
		{4335AB46-4619-4DC4-9D1D-6F5211A15722}.Release|Any CPU.Build.0 = Release|Any CPU
		{2F93283D-D639-49EC-B778-813021930465}.Debug|Any CPU.ActiveCfg = Debug|Any CPU
		{2F93283D-D639-49EC-B778-813021930465}.Debug|Any CPU.Build.0 = Debug|Any CPU
		{2F93283D-D639-49EC-B778-813021930465}.Release|Any CPU.ActiveCfg = Release|Any CPU
		{2F93283D-D639-49EC-B778-813021930465}.Release|Any CPU.Build.0 = Release|Any CPU
		{3A95141C-00D3-4105-8F8A-AA64FDA76B0A}.Debug|Any CPU.ActiveCfg = Debug|Any CPU
		{3A95141C-00D3-4105-8F8A-AA64FDA76B0A}.Debug|Any CPU.Build.0 = Debug|Any CPU
		{3A95141C-00D3-4105-8F8A-AA64FDA76B0A}.Release|Any CPU.ActiveCfg = Release|Any CPU
		{3A95141C-00D3-4105-8F8A-AA64FDA76B0A}.Release|Any CPU.Build.0 = Release|Any CPU
		{C821C9CD-4373-4346-897E-ED33953C4505}.Debug|Any CPU.ActiveCfg = Debug|Any CPU
		{C821C9CD-4373-4346-897E-ED33953C4505}.Debug|Any CPU.Build.0 = Debug|Any CPU
		{C821C9CD-4373-4346-897E-ED33953C4505}.Release|Any CPU.ActiveCfg = Release|Any CPU
		{C821C9CD-4373-4346-897E-ED33953C4505}.Release|Any CPU.Build.0 = Release|Any CPU
		{0F0235FA-9E76-490F-8617-249498315DD7}.Debug|Any CPU.ActiveCfg = Debug|Any CPU
		{0F0235FA-9E76-490F-8617-249498315DD7}.Debug|Any CPU.Build.0 = Debug|Any CPU
		{0F0235FA-9E76-490F-8617-249498315DD7}.Release|Any CPU.ActiveCfg = Release|Any CPU
		{0F0235FA-9E76-490F-8617-249498315DD7}.Release|Any CPU.Build.0 = Release|Any CPU
		{E6F1F845-5F38-4FA6-8CF0-A32BF695706F}.Debug|Any CPU.ActiveCfg = Debug|Any CPU
		{E6F1F845-5F38-4FA6-8CF0-A32BF695706F}.Debug|Any CPU.Build.0 = Debug|Any CPU
		{E6F1F845-5F38-4FA6-8CF0-A32BF695706F}.Release|Any CPU.ActiveCfg = Release|Any CPU
		{E6F1F845-5F38-4FA6-8CF0-A32BF695706F}.Release|Any CPU.Build.0 = Release|Any CPU
		{7914214A-82FA-4E8A-A07C-9C735824B238}.Debug|Any CPU.ActiveCfg = Debug|Any CPU
		{7914214A-82FA-4E8A-A07C-9C735824B238}.Debug|Any CPU.Build.0 = Debug|Any CPU
		{7914214A-82FA-4E8A-A07C-9C735824B238}.Release|Any CPU.ActiveCfg = Release|Any CPU
		{7914214A-82FA-4E8A-A07C-9C735824B238}.Release|Any CPU.Build.0 = Release|Any CPU
		{20EFD4D4-E411-462F-9BFB-2C9533F76E7C}.Debug|Any CPU.ActiveCfg = Debug|Any CPU
		{20EFD4D4-E411-462F-9BFB-2C9533F76E7C}.Debug|Any CPU.Build.0 = Debug|Any CPU
		{20EFD4D4-E411-462F-9BFB-2C9533F76E7C}.Release|Any CPU.ActiveCfg = Release|Any CPU
		{20EFD4D4-E411-462F-9BFB-2C9533F76E7C}.Release|Any CPU.Build.0 = Release|Any CPU
	EndGlobalSection
	GlobalSection(SolutionProperties) = preSolution
		HideSolutionNode = FALSE
	EndGlobalSection
	GlobalSection(NestedProjects) = preSolution
		{545FD547-5C2E-4761-861F-A680C36BE0C2} = {A5020056-6DC5-4249-8734-E8B8E8BE3978}
		{4F54FAA5-3370-4B33-8D26-CCF91813183F} = {A5020056-6DC5-4249-8734-E8B8E8BE3978}
		{D31660A5-1C1C-42A9-9501-17EC908C9DC7} = {C6A0B22E-8EB8-4750-8DF2-4B941C7FAB1D}
		{8CFB6569-10D3-43E6-8109-45B7C9560D10} = {DEAF1A06-0F4D-4F62-B930-54F381F94741}
		{25F4A285-F957-48C1-B828-2C3867BCE542} = {23A8341B-13F2-4D64-942F-0D2F4D289524}
		{4117A755-19CF-43AD-BFFB-765A2610EB00} = {23A8341B-13F2-4D64-942F-0D2F4D289524}
		{69483503-0A33-418B-BA62-47F3F33689BC} = {23A8341B-13F2-4D64-942F-0D2F4D289524}
		{6F56119A-3B26-43DA-B210-F6C2251F1980} = {23A8341B-13F2-4D64-942F-0D2F4D289524}
		{45F27C1B-1E61-493A-A201-07AD8729A734} = {23A8341B-13F2-4D64-942F-0D2F4D289524}
		{7B5A97DD-0BE6-494A-AD4A-11708F8CB765} = {23A8341B-13F2-4D64-942F-0D2F4D289524}
		{D8444F7E-24DF-4ACB-9921-B32DEFCE3F3A} = {DEAF1A06-0F4D-4F62-B930-54F381F94741}
		{80D20C1E-C9A2-4B19-81C0-C24DD3CE3F2D} = {3C305FF1-C60C-4488-A50D-D6916187CA83}
		{4D418149-09E0-49BF-8B8B-86D46BB226F6} = {3C305FF1-C60C-4488-A50D-D6916187CA83}
		{40E4ADDB-E955-4723-9A2E-AA4AC4C7D416} = {3C305FF1-C60C-4488-A50D-D6916187CA83}
		{0D28D822-58AE-42B9-8DB4-9C63CE9ABF7D} = {23A8341B-13F2-4D64-942F-0D2F4D289524}
		{677820CD-FD98-4235-A99D-DF253D01B1D2} = {1DCA1EFC-176D-4286-9017-F92F113724BC}
		{86763AA3-C03F-437C-8443-FE866479790D} = {23A8341B-13F2-4D64-942F-0D2F4D289524}
		{DF6A6550-3128-47A5-A297-1E1BFFAFB910} = {23A8341B-13F2-4D64-942F-0D2F4D289524}
		{C33CF223-BB52-4028-A65A-7065A1B91D19} = {23A8341B-13F2-4D64-942F-0D2F4D289524}
		{DDFFB131-FB57-4279-8804-F9B8A5D9EA5C} = {23A8341B-13F2-4D64-942F-0D2F4D289524}
		{0FACDCFD-053F-4EB2-83E8-53566169A9C8} = {23A8341B-13F2-4D64-942F-0D2F4D289524}
		{B3EA9B33-839C-4BA3-B9E6-0268D404A466} = {7AC2CCC4-7D33-4B81-80E6-BB856169D9EC}
		{B676FC0F-1D42-4685-93A5-9B25267757B3} = {7AC2CCC4-7D33-4B81-80E6-BB856169D9EC}
		{7731FD57-4058-4748-A002-270D5A15AD02} = {742CF2F1-2D59-4C20-996E-8F3858D2A1B5}
		{B2800833-66CF-45F4-BC53-ACE9FD3D16C3} = {07E149A9-5141-4996-8A79-682CE5759D70}
		{6A3A713D-F274-41F8-A5C4-ED65ED70CA9F} = {07E149A9-5141-4996-8A79-682CE5759D70}
		{A94AE1B8-5AA1-4536-859C-C514C93D82AA} = {49BBEAE6-54F4-46A2-9FA7-3FB547C9EF73}
		{2DAF0030-CD58-476F-B312-A2A199F8D634} = {27B51BF5-DB62-474A-905F-ADC18639BC40}
		{3729222C-8836-432D-8A1D-9835DB733F13} = {4F45EE7D-7269-412B-AD04-637CD1979CC2}
		{5D9E74AB-DE5A-489A-9526-A5F39C4EEBB2} = {4F45EE7D-7269-412B-AD04-637CD1979CC2}
		{20DFEE31-F150-4FD4-BA37-0C9A1D761DD5} = {4F45EE7D-7269-412B-AD04-637CD1979CC2}
		{27961E7D-6032-41DC-8BFB-605AADB938C8} = {11974BF7-E389-4A31-A128-8A31D2EC7D00}
		{B1DC3A4C-4454-45D0-8BBA-458D34A3CCF1} = {56528EA3-69DA-4DFB-AD12-4ABBDE302F27}
		{F5485929-01CA-499A-9D48-996E2B2987DF} = {56528EA3-69DA-4DFB-AD12-4ABBDE302F27}
		{5E4E217A-1DE3-47B6-BA7F-26102990A47B} = {E2D1FB57-A357-4BA4-99C9-7448A43D0A7F}
		{3BAC15A3-EBB4-4DBD-BB4A-3E81C596F8A3} = {EAACD0B1-B0F5-4F62-A996-C01D368EE154}
		{8B7A2B1E-7135-4DD6-A8F0-0B1532A67656} = {EAACD0B1-B0F5-4F62-A996-C01D368EE154}
		{4335AB46-4619-4DC4-9D1D-6F5211A15722} = {E2D1FB57-A357-4BA4-99C9-7448A43D0A7F}
		{2F93283D-D639-49EC-B778-813021930465} = {0C490386-D50F-488C-9C5F-070E79252306}
		{3A95141C-00D3-4105-8F8A-AA64FDA76B0A} = {0C490386-D50F-488C-9C5F-070E79252306}
		{C821C9CD-4373-4346-897E-ED33953C4505} = {56528EA3-69DA-4DFB-AD12-4ABBDE302F27}
		{0F0235FA-9E76-490F-8617-249498315DD7} = {E2D1FB57-A357-4BA4-99C9-7448A43D0A7F}
		{E6F1F845-5F38-4FA6-8CF0-A32BF695706F} = {56528EA3-69DA-4DFB-AD12-4ABBDE302F27}
		{7914214A-82FA-4E8A-A07C-9C735824B238} = {E2D1FB57-A357-4BA4-99C9-7448A43D0A7F}
		{20EFD4D4-E411-462F-9BFB-2C9533F76E7C} = {E2D1FB57-A357-4BA4-99C9-7448A43D0A7F}
	EndGlobalSection
	GlobalSection(ExtensibilityGlobals) = postSolution
		SolutionGuid = {33D460CD-8598-4DE8-BEFA-A60312C5E7E4}
	EndGlobalSection
EndGlobal
