
Microsoft Visual Studio Solution File, Format Version 12.00
# Visual Studio Version 16
VisualStudioVersion = 16.0.31205.134
MinimumVisualStudioVersion = 10.0.40219.1
Project("{FAE04EC0-301F-11D3-BF4B-00C04F79EFBC}") = "ConsoleApplication_Grade_2", "ConsoleApplication_Grade_2\ConsoleApplication_Grade_2.csproj", "{4B863F7D-AED3-48D4-93F0-D8433B27D046}"
EndProject
Project("{2150E333-8FDC-42A3-9474-1A3956D46DE8}") = "Lab_1", "Lab_1", "{A5020056-6DC5-4249-8734-E8B8E8BE3978}"
EndProject
Project("{FAE04EC0-301F-11D3-BF4B-00C04F79EFBC}") = "Lab_1-A", "A\Lab_1-A.csproj", "{545FD547-5C2E-4761-861F-A680C36BE0C2}"
EndProject
Project("{FAE04EC0-301F-11D3-BF4B-00C04F79EFBC}") = "Lab_1-B", "B\Lab_1-B.csproj", "{4F54FAA5-3370-4B33-8D26-CCF91813183F}"
EndProject
Project("{2150E333-8FDC-42A3-9474-1A3956D46DE8}") = "File Manager", "File Manager", "{C6A0B22E-8EB8-4750-8DF2-4B941C7FAB1D}"
EndProject
Project("{FAE04EC0-301F-11D3-BF4B-00C04F79EFBC}") = "File Manager", "File Manager\File Manager.csproj", "{D31660A5-1C1C-42A9-9501-17EC908C9DC7}"
EndProject
Project("{2150E333-8FDC-42A3-9474-1A3956D46DE8}") = "Test Olimp Tasks", "Test Olimp Tasks", "{DEAF1A06-0F4D-4F62-B930-54F381F94741}"
EndProject
Project("{FAE04EC0-301F-11D3-BF4B-00C04F79EFBC}") = "Task_1", "Task_1\Task_1.csproj", "{8CFB6569-10D3-43E6-8109-45B7C9560D10}"
EndProject
Project("{2150E333-8FDC-42A3-9474-1A3956D46DE8}") = "Ejudge-91", "Ejudge-91", "{23A8341B-13F2-4D64-942F-0D2F4D289524}"
EndProject
Project("{FAE04EC0-301F-11D3-BF4B-00C04F79EFBC}") = "Ejudge-91-A", "Ejudge-91-A\Ejudge-91-A.csproj", "{25F4A285-F957-48C1-B828-2C3867BCE542}"
EndProject
Project("{FAE04EC0-301F-11D3-BF4B-00C04F79EFBC}") = "Ejudge-91-B", "Ejudge-91-B\Ejudge-91-B.csproj", "{4117A755-19CF-43AD-BFFB-765A2610EB00}"
EndProject
Project("{FAE04EC0-301F-11D3-BF4B-00C04F79EFBC}") = "Ejudge-91-C", "Ejudge-91-C\Ejudge-91-C.csproj", "{69483503-0A33-418B-BA62-47F3F33689BC}"
EndProject
Project("{FAE04EC0-301F-11D3-BF4B-00C04F79EFBC}") = "Ejudge-91-D", "Ejudge-91-D\Ejudge-91-D.csproj", "{6F56119A-3B26-43DA-B210-F6C2251F1980}"
EndProject
Project("{FAE04EC0-301F-11D3-BF4B-00C04F79EFBC}") = "Ejudge-91-E", "Ejudge-91-E\Ejudge-91-E.csproj", "{45F27C1B-1E61-493A-A201-07AD8729A734}"
EndProject
Project("{FAE04EC0-301F-11D3-BF4B-00C04F79EFBC}") = "Ejudge-91-G", "Ejudge-91-G\Ejudge-91-G.csproj", "{7B5A97DD-0BE6-494A-AD4A-11708F8CB765}"
EndProject
Project("{FAE04EC0-301F-11D3-BF4B-00C04F79EFBC}") = "Task_2", "Task_2\Task_2.csproj", "{D8444F7E-24DF-4ACB-9921-B32DEFCE3F3A}"
EndProject
Project("{2150E333-8FDC-42A3-9474-1A3956D46DE8}") = "Lab_1.1", "Lab_1.1", "{3C305FF1-C60C-4488-A50D-D6916187CA83}"
EndProject
Project("{FAE04EC0-301F-11D3-BF4B-00C04F79EFBC}") = "Lab_1.1_Task_1-11", "Lab_2_Task_1-11\Lab_1.1_Task_1-11.csproj", "{80D20C1E-C9A2-4B19-81C0-C24DD3CE3F2D}"
EndProject
Project("{FAE04EC0-301F-11D3-BF4B-00C04F79EFBC}") = "Lab_1.1_Task_2-9", "Lab_1.1_Task_2-9\Lab_1.1_Task_2-9.csproj", "{4D418149-09E0-49BF-8B8B-86D46BB226F6}"
EndProject
Project("{FAE04EC0-301F-11D3-BF4B-00C04F79EFBC}") = "Lab_1.1_Task_3-9", "Lab_1.1_Task_3-9\Lab_1.1_Task_3-9.csproj", "{40E4ADDB-E955-4723-9A2E-AA4AC4C7D416}"
EndProject
Global
	GlobalSection(SolutionConfigurationPlatforms) = preSolution
		Debug|Any CPU = Debug|Any CPU
		Release|Any CPU = Release|Any CPU
	EndGlobalSection
	GlobalSection(ProjectConfigurationPlatforms) = postSolution
		{4B863F7D-AED3-48D4-93F0-D8433B27D046}.Debug|Any CPU.ActiveCfg = Debug|Any CPU
		{4B863F7D-AED3-48D4-93F0-D8433B27D046}.Debug|Any CPU.Build.0 = Debug|Any CPU
		{4B863F7D-AED3-48D4-93F0-D8433B27D046}.Release|Any CPU.ActiveCfg = Release|Any CPU
		{4B863F7D-AED3-48D4-93F0-D8433B27D046}.Release|Any CPU.Build.0 = Release|Any CPU
		{545FD547-5C2E-4761-861F-A680C36BE0C2}.Debug|Any CPU.ActiveCfg = Debug|Any CPU
		{545FD547-5C2E-4761-861F-A680C36BE0C2}.Debug|Any CPU.Build.0 = Debug|Any CPU
		{545FD547-5C2E-4761-861F-A680C36BE0C2}.Release|Any CPU.ActiveCfg = Release|Any CPU
		{545FD547-5C2E-4761-861F-A680C36BE0C2}.Release|Any CPU.Build.0 = Release|Any CPU
		{4F54FAA5-3370-4B33-8D26-CCF91813183F}.Debug|Any CPU.ActiveCfg = Debug|Any CPU
		{4F54FAA5-3370-4B33-8D26-CCF91813183F}.Debug|Any CPU.Build.0 = Debug|Any CPU
		{4F54FAA5-3370-4B33-8D26-CCF91813183F}.Release|Any CPU.ActiveCfg = Release|Any CPU
		{4F54FAA5-3370-4B33-8D26-CCF91813183F}.Release|Any CPU.Build.0 = Release|Any CPU
		{D31660A5-1C1C-42A9-9501-17EC908C9DC7}.Debug|Any CPU.ActiveCfg = Debug|Any CPU
		{D31660A5-1C1C-42A9-9501-17EC908C9DC7}.Debug|Any CPU.Build.0 = Debug|Any CPU
		{D31660A5-1C1C-42A9-9501-17EC908C9DC7}.Release|Any CPU.ActiveCfg = Release|Any CPU
		{D31660A5-1C1C-42A9-9501-17EC908C9DC7}.Release|Any CPU.Build.0 = Release|Any CPU
		{8CFB6569-10D3-43E6-8109-45B7C9560D10}.Debug|Any CPU.ActiveCfg = Debug|Any CPU
		{8CFB6569-10D3-43E6-8109-45B7C9560D10}.Debug|Any CPU.Build.0 = Debug|Any CPU
		{8CFB6569-10D3-43E6-8109-45B7C9560D10}.Release|Any CPU.ActiveCfg = Release|Any CPU
		{8CFB6569-10D3-43E6-8109-45B7C9560D10}.Release|Any CPU.Build.0 = Release|Any CPU
		{25F4A285-F957-48C1-B828-2C3867BCE542}.Debug|Any CPU.ActiveCfg = Debug|Any CPU
		{25F4A285-F957-48C1-B828-2C3867BCE542}.Debug|Any CPU.Build.0 = Debug|Any CPU
		{25F4A285-F957-48C1-B828-2C3867BCE542}.Release|Any CPU.ActiveCfg = Release|Any CPU
		{25F4A285-F957-48C1-B828-2C3867BCE542}.Release|Any CPU.Build.0 = Release|Any CPU
		{4117A755-19CF-43AD-BFFB-765A2610EB00}.Debug|Any CPU.ActiveCfg = Debug|Any CPU
		{4117A755-19CF-43AD-BFFB-765A2610EB00}.Debug|Any CPU.Build.0 = Debug|Any CPU
		{4117A755-19CF-43AD-BFFB-765A2610EB00}.Release|Any CPU.ActiveCfg = Release|Any CPU
		{4117A755-19CF-43AD-BFFB-765A2610EB00}.Release|Any CPU.Build.0 = Release|Any CPU
		{69483503-0A33-418B-BA62-47F3F33689BC}.Debug|Any CPU.ActiveCfg = Debug|Any CPU
		{69483503-0A33-418B-BA62-47F3F33689BC}.Debug|Any CPU.Build.0 = Debug|Any CPU
		{69483503-0A33-418B-BA62-47F3F33689BC}.Release|Any CPU.ActiveCfg = Release|Any CPU
		{69483503-0A33-418B-BA62-47F3F33689BC}.Release|Any CPU.Build.0 = Release|Any CPU
		{6F56119A-3B26-43DA-B210-F6C2251F1980}.Debug|Any CPU.ActiveCfg = Debug|Any CPU
		{6F56119A-3B26-43DA-B210-F6C2251F1980}.Debug|Any CPU.Build.0 = Debug|Any CPU
		{6F56119A-3B26-43DA-B210-F6C2251F1980}.Release|Any CPU.ActiveCfg = Release|Any CPU
		{6F56119A-3B26-43DA-B210-F6C2251F1980}.Release|Any CPU.Build.0 = Release|Any CPU
		{45F27C1B-1E61-493A-A201-07AD8729A734}.Debug|Any CPU.ActiveCfg = Debug|Any CPU
		{45F27C1B-1E61-493A-A201-07AD8729A734}.Debug|Any CPU.Build.0 = Debug|Any CPU
		{45F27C1B-1E61-493A-A201-07AD8729A734}.Release|Any CPU.ActiveCfg = Release|Any CPU
		{45F27C1B-1E61-493A-A201-07AD8729A734}.Release|Any CPU.Build.0 = Release|Any CPU
		{7B5A97DD-0BE6-494A-AD4A-11708F8CB765}.Debug|Any CPU.ActiveCfg = Debug|Any CPU
		{7B5A97DD-0BE6-494A-AD4A-11708F8CB765}.Debug|Any CPU.Build.0 = Debug|Any CPU
		{7B5A97DD-0BE6-494A-AD4A-11708F8CB765}.Release|Any CPU.ActiveCfg = Release|Any CPU
		{7B5A97DD-0BE6-494A-AD4A-11708F8CB765}.Release|Any CPU.Build.0 = Release|Any CPU
		{D8444F7E-24DF-4ACB-9921-B32DEFCE3F3A}.Debug|Any CPU.ActiveCfg = Debug|Any CPU
		{D8444F7E-24DF-4ACB-9921-B32DEFCE3F3A}.Debug|Any CPU.Build.0 = Debug|Any CPU
		{D8444F7E-24DF-4ACB-9921-B32DEFCE3F3A}.Release|Any CPU.ActiveCfg = Release|Any CPU
		{D8444F7E-24DF-4ACB-9921-B32DEFCE3F3A}.Release|Any CPU.Build.0 = Release|Any CPU
		{80D20C1E-C9A2-4B19-81C0-C24DD3CE3F2D}.Debug|Any CPU.ActiveCfg = Debug|Any CPU
		{80D20C1E-C9A2-4B19-81C0-C24DD3CE3F2D}.Debug|Any CPU.Build.0 = Debug|Any CPU
		{80D20C1E-C9A2-4B19-81C0-C24DD3CE3F2D}.Release|Any CPU.ActiveCfg = Release|Any CPU
		{80D20C1E-C9A2-4B19-81C0-C24DD3CE3F2D}.Release|Any CPU.Build.0 = Release|Any CPU
		{4D418149-09E0-49BF-8B8B-86D46BB226F6}.Debug|Any CPU.ActiveCfg = Debug|Any CPU
		{4D418149-09E0-49BF-8B8B-86D46BB226F6}.Debug|Any CPU.Build.0 = Debug|Any CPU
		{4D418149-09E0-49BF-8B8B-86D46BB226F6}.Release|Any CPU.ActiveCfg = Release|Any CPU
		{4D418149-09E0-49BF-8B8B-86D46BB226F6}.Release|Any CPU.Build.0 = Release|Any CPU
		{40E4ADDB-E955-4723-9A2E-AA4AC4C7D416}.Debug|Any CPU.ActiveCfg = Debug|Any CPU
		{40E4ADDB-E955-4723-9A2E-AA4AC4C7D416}.Debug|Any CPU.Build.0 = Debug|Any CPU
		{40E4ADDB-E955-4723-9A2E-AA4AC4C7D416}.Release|Any CPU.ActiveCfg = Release|Any CPU
		{40E4ADDB-E955-4723-9A2E-AA4AC4C7D416}.Release|Any CPU.Build.0 = Release|Any CPU
	EndGlobalSection
	GlobalSection(SolutionProperties) = preSolution
		HideSolutionNode = FALSE
	EndGlobalSection
	GlobalSection(NestedProjects) = preSolution
		{545FD547-5C2E-4761-861F-A680C36BE0C2} = {A5020056-6DC5-4249-8734-E8B8E8BE3978}
		{4F54FAA5-3370-4B33-8D26-CCF91813183F} = {A5020056-6DC5-4249-8734-E8B8E8BE3978}
		{D31660A5-1C1C-42A9-9501-17EC908C9DC7} = {C6A0B22E-8EB8-4750-8DF2-4B941C7FAB1D}
		{8CFB6569-10D3-43E6-8109-45B7C9560D10} = {DEAF1A06-0F4D-4F62-B930-54F381F94741}
		{25F4A285-F957-48C1-B828-2C3867BCE542} = {23A8341B-13F2-4D64-942F-0D2F4D289524}
		{4117A755-19CF-43AD-BFFB-765A2610EB00} = {23A8341B-13F2-4D64-942F-0D2F4D289524}
		{69483503-0A33-418B-BA62-47F3F33689BC} = {23A8341B-13F2-4D64-942F-0D2F4D289524}
		{6F56119A-3B26-43DA-B210-F6C2251F1980} = {23A8341B-13F2-4D64-942F-0D2F4D289524}
		{45F27C1B-1E61-493A-A201-07AD8729A734} = {23A8341B-13F2-4D64-942F-0D2F4D289524}
		{7B5A97DD-0BE6-494A-AD4A-11708F8CB765} = {23A8341B-13F2-4D64-942F-0D2F4D289524}
		{D8444F7E-24DF-4ACB-9921-B32DEFCE3F3A} = {DEAF1A06-0F4D-4F62-B930-54F381F94741}
		{80D20C1E-C9A2-4B19-81C0-C24DD3CE3F2D} = {3C305FF1-C60C-4488-A50D-D6916187CA83}
		{4D418149-09E0-49BF-8B8B-86D46BB226F6} = {3C305FF1-C60C-4488-A50D-D6916187CA83}
		{40E4ADDB-E955-4723-9A2E-AA4AC4C7D416} = {3C305FF1-C60C-4488-A50D-D6916187CA83}
	EndGlobalSection
	GlobalSection(ExtensibilityGlobals) = postSolution
		SolutionGuid = {33D460CD-8598-4DE8-BEFA-A60312C5E7E4}
	EndGlobalSection
EndGlobal
